
Microsoft Visual Studio Solution File, Format Version 12.00
# Visual Studio Version 16
VisualStudioVersion = 16.0.29806.167
MinimumVisualStudioVersion = 10.0.40219.1
Project("{9A19103F-16F7-4668-BE54-9A1E7A4F7556}") = "AssemblyOne", "AssemblyOne\AssemblyOne.csproj", "{E6901A0B-DB13-4E16-920A-311D57360B49}"
EndProject
Project("{9A19103F-16F7-4668-BE54-9A1E7A4F7556}") = "AssemblyTwo", "AssemblyTwo\AssemblyTwo.csproj", "{BAA4024B-A948-461F-9A1E-C08D1AC15A40}"
EndProject
Project("{FAE04EC0-301F-11D3-BF4B-00C04F79EFBC}") = "AirportApp", "AirportApp\AirportApp.csproj", "{0672F9D4-B963-4371-92B4-0036F8B06BE2}"
EndProject
Global
	GlobalSection(SolutionConfigurationPlatforms) = preSolution
		Debug|Any CPU = Debug|Any CPU
		Release|Any CPU = Release|Any CPU
	EndGlobalSection
	GlobalSection(ProjectConfigurationPlatforms) = postSolution
		{E6901A0B-DB13-4E16-920A-311D57360B49}.Debug|Any CPU.ActiveCfg = Debug|Any CPU
		{E6901A0B-DB13-4E16-920A-311D57360B49}.Debug|Any CPU.Build.0 = Debug|Any CPU
		{E6901A0B-DB13-4E16-920A-311D57360B49}.Release|Any CPU.ActiveCfg = Release|Any CPU
		{E6901A0B-DB13-4E16-920A-311D57360B49}.Release|Any CPU.Build.0 = Release|Any CPU
		{BAA4024B-A948-461F-9A1E-C08D1AC15A40}.Debug|Any CPU.ActiveCfg = Debug|Any CPU
		{BAA4024B-A948-461F-9A1E-C08D1AC15A40}.Debug|Any CPU.Build.0 = Debug|Any CPU
		{BAA4024B-A948-461F-9A1E-C08D1AC15A40}.Release|Any CPU.ActiveCfg = Release|Any CPU
		{BAA4024B-A948-461F-9A1E-C08D1AC15A40}.Release|Any CPU.Build.0 = Release|Any CPU
		{0672F9D4-B963-4371-92B4-0036F8B06BE2}.Debug|Any CPU.ActiveCfg = Debug|Any CPU
		{0672F9D4-B963-4371-92B4-0036F8B06BE2}.Debug|Any CPU.Build.0 = Debug|Any CPU
		{0672F9D4-B963-4371-92B4-0036F8B06BE2}.Release|Any CPU.ActiveCfg = Release|Any CPU
		{0672F9D4-B963-4371-92B4-0036F8B06BE2}.Release|Any CPU.Build.0 = Release|Any CPU
	EndGlobalSection
	GlobalSection(SolutionProperties) = preSolution
		HideSolutionNode = FALSE
	EndGlobalSection
	GlobalSection(ExtensibilityGlobals) = postSolution
		SolutionGuid = {F112F4F6-78AE-4166-B80B-A193373CF3A4}
	EndGlobalSection
EndGlobal
